
Microsoft Visual Studio Solution File, Format Version 12.00
# Visual Studio Version 17
VisualStudioVersion = 17.8.34408.163
MinimumVisualStudioVersion = 10.0.40219.1
Project("{E24C65DC-7377-472B-9ABA-BC803B73C61A}") = "WCFFileUploadService", "WCFFileUploadService\", "{4796200E-147B-4C82-A71C-5D845AA039E9}"
	ProjectSection(WebsiteProperties) = preProject
		TargetFrameworkMoniker = ".NETFramework,Version%3Dv4.8.1"
		Debug.AspNetCompiler.VirtualPath = "/localhost_52836"
		Debug.AspNetCompiler.PhysicalPath = "WCFFileUploadService\"
		Debug.AspNetCompiler.TargetPath = "PrecompiledWeb\localhost_52836\"
		Debug.AspNetCompiler.Updateable = "true"
		Debug.AspNetCompiler.ForceOverwrite = "true"
		Debug.AspNetCompiler.FixedNames = "false"
		Debug.AspNetCompiler.Debug = "True"
		Release.AspNetCompiler.VirtualPath = "/localhost_52836"
		Release.AspNetCompiler.PhysicalPath = "WCFFileUploadService\"
		Release.AspNetCompiler.TargetPath = "PrecompiledWeb\localhost_52836\"
		Release.AspNetCompiler.Updateable = "true"
		Release.AspNetCompiler.ForceOverwrite = "true"
		Release.AspNetCompiler.FixedNames = "false"
		Release.AspNetCompiler.Debug = "False"
		VWDPort = "52836"
		SlnRelativePath = "WCFFileUploadService\"
		DefaultWebSiteLanguage = "Visual C#"
	EndProjectSection
EndProject
Global
	GlobalSection(SolutionConfigurationPlatforms) = preSolution
		Debug|Any CPU = Debug|Any CPU
	EndGlobalSection
	GlobalSection(ProjectConfigurationPlatforms) = postSolution
		{4796200E-147B-4C82-A71C-5D845AA039E9}.Debug|Any CPU.ActiveCfg = Debug|Any CPU
		{4796200E-147B-4C82-A71C-5D845AA039E9}.Debug|Any CPU.Build.0 = Debug|Any CPU
	EndGlobalSection
	GlobalSection(SolutionProperties) = preSolution
		HideSolutionNode = FALSE
	EndGlobalSection
	GlobalSection(ExtensibilityGlobals) = postSolution
		SolutionGuid = {2D423285-2925-439A-A408-F88CB07E863B}
	EndGlobalSection
EndGlobal
